PODS:
  - SDWebImage (4.4.2):
    - SDWebImage/Core (= 4.4.2)
  - SDWebImage/Core (4.4.2)
  - WXImageCompress (0.1.1)
  - YYKit (1.0.9):
    - YYKit/no-arc (= 1.0.9)
  - YYKit/no-arc (1.0.9)

DEPENDENCIES:
  - SDWebImage
  - WXImageCompress (~> 0.1.1)
  - YYKit

SPEC REPOS:
  https://github.com/cocoapods/specs.git:
    - SDWebImage
    - WXImageCompress
    - YYKit

SPEC CHECKSUMS:
  SDWebImage: 624d6e296c69b244bcede364c72ae0430ac14681
  WXImageCompress: 4003213a788574c3e307faec0130359c52e43887
  YYKit: 7cda43304a8dc3696c449041e2cb3107b4e236e7

PODFILE CHECKSUM: 2817c9150a8f4ef34e4268e6fe3de2f76f83c118

COCOAPODS: 1.5.3
